
Microsoft Visual Studio Solution File, Format Version 12.00
# Visual Studio Version 18
VisualStudioVersion = 18.0.11116.177
MinimumVisualStudioVersion = 10.0.40219.1
Project("{2150E333-8FDC-42A3-9474-1A3956D46DE8}") = "AuthApex", "AuthApex", "{02EA681E-C7D8-13C7-8484-4AC65E1B71E8}"
EndProject
Project("{2150E333-8FDC-42A3-9474-1A3956D46DE8}") = "TransportApex", "TransportApex", "{390CF5C3-7706-4435-AD7C-BBAE564C6DDB}"
EndProject
Project("{2150E333-8FDC-42A3-9474-1A3956D46DE8}") = "src", "src", "{4C605A50-FE51-4DFF-B8E0-0ADF4A84425B}"
EndProject
Project("{2150E333-8FDC-42A3-9474-1A3956D46DE8}") = "src", "src", "{32DA657C-109E-4B40-9F1F-120CC992CD71}"
EndProject
Project("{2150E333-8FDC-42A3-9474-1A3956D46DE8}") = "tests", "tests", "{A5F38698-C60B-41AB-9662-E25782DC09CB}"
EndProject
Project("{2150E333-8FDC-42A3-9474-1A3956D46DE8}") = "tests", "tests", "{3017F662-5A2A-4FEC-A705-2AD9CC728946}"
EndProject
Project("{FAE04EC0-301F-11D3-BF4B-00C04F79EFBC}") = "AuthApex.Application", "AuthApex\AuthApex.Application\AuthApex.Application.csproj", "{5A0BC393-F5AC-CB0C-3F13-95DF643DC56D}"
EndProject
Project("{FAE04EC0-301F-11D3-BF4B-00C04F79EFBC}") = "AuthApex.Domain", "AuthApex\AuthApex.Domain\AuthApex.Domain.csproj", "{E1236EA9-1BA1-D53E-F648-D2962FDAC9C1}"
EndProject
Project("{FAE04EC0-301F-11D3-BF4B-00C04F79EFBC}") = "AuthApex.Infrastructure", "AuthApex\AuthApex.Infrastructure\AuthApex.Infrastructure.csproj", "{F4F86DEA-1ADB-9F0F-A100-6C8D8BA8393C}"
EndProject
Project("{FAE04EC0-301F-11D3-BF4B-00C04F79EFBC}") = "AuthApex.WebApi", "AuthApex\AuthApex.WebApi\AuthApex.WebApi.csproj", "{EEBE4C5B-A2E4-8819-65D0-8FB04CF95A44}"
EndProject
Project("{FAE04EC0-301F-11D3-BF4B-00C04F79EFBC}") = "TransportApex.Application", "TransportApex\TransportApex.Application\TransportApex.Application.csproj", "{D26DDE81-58AB-66C8-EEBB-992755965ABB}"
EndProject
Project("{FAE04EC0-301F-11D3-BF4B-00C04F79EFBC}") = "TransportApex.Domain", "TransportApex\TransportApex.Domain\TransportApex.Domain.csproj", "{50472208-3218-C58F-2D4D-98F879EB362E}"
EndProject
Project("{FAE04EC0-301F-11D3-BF4B-00C04F79EFBC}") = "TransportApex.Infrastructure", "TransportApex\TransportApex.Infrastructure\TransportApex.Infrastructure.csproj", "{1E5C5241-A94B-3C49-9708-87EDF3FF0254}"
EndProject
Project("{FAE04EC0-301F-11D3-BF4B-00C04F79EFBC}") = "TransportApex.WebApi", "TransportApex\TransportApex.WebApi\TransportApex.WebApi.csproj", "{1ACB7271-E21E-DC4D-79BD-6ABEA207BDED}"
EndProject
Global
	GlobalSection(SolutionConfigurationPlatforms) = preSolution
		Debug|Any CPU = Debug|Any CPU
		Release|Any CPU = Release|Any CPU
	EndGlobalSection
	GlobalSection(ProjectConfigurationPlatforms) = postSolution
		{5A0BC393-F5AC-CB0C-3F13-95DF643DC56D}.Debug|Any CPU.ActiveCfg = Debug|Any CPU
		{5A0BC393-F5AC-CB0C-3F13-95DF643DC56D}.Debug|Any CPU.Build.0 = Debug|Any CPU
		{5A0BC393-F5AC-CB0C-3F13-95DF643DC56D}.Release|Any CPU.ActiveCfg = Release|Any CPU
		{5A0BC393-F5AC-CB0C-3F13-95DF643DC56D}.Release|Any CPU.Build.0 = Release|Any CPU
		{E1236EA9-1BA1-D53E-F648-D2962FDAC9C1}.Debug|Any CPU.ActiveCfg = Debug|Any CPU
		{E1236EA9-1BA1-D53E-F648-D2962FDAC9C1}.Debug|Any CPU.Build.0 = Debug|Any CPU
		{E1236EA9-1BA1-D53E-F648-D2962FDAC9C1}.Release|Any CPU.ActiveCfg = Release|Any CPU
		{E1236EA9-1BA1-D53E-F648-D2962FDAC9C1}.Release|Any CPU.Build.0 = Release|Any CPU
		{F4F86DEA-1ADB-9F0F-A100-6C8D8BA8393C}.Debug|Any CPU.ActiveCfg = Debug|Any CPU
		{F4F86DEA-1ADB-9F0F-A100-6C8D8BA8393C}.Debug|Any CPU.Build.0 = Debug|Any CPU
		{F4F86DEA-1ADB-9F0F-A100-6C8D8BA8393C}.Release|Any CPU.ActiveCfg = Release|Any CPU
		{F4F86DEA-1ADB-9F0F-A100-6C8D8BA8393C}.Release|Any CPU.Build.0 = Release|Any CPU
		{EEBE4C5B-A2E4-8819-65D0-8FB04CF95A44}.Debug|Any CPU.ActiveCfg = Debug|Any CPU
		{EEBE4C5B-A2E4-8819-65D0-8FB04CF95A44}.Debug|Any CPU.Build.0 = Debug|Any CPU
		{EEBE4C5B-A2E4-8819-65D0-8FB04CF95A44}.Release|Any CPU.ActiveCfg = Release|Any CPU
		{EEBE4C5B-A2E4-8819-65D0-8FB04CF95A44}.Release|Any CPU.Build.0 = Release|Any CPU
		{D26DDE81-58AB-66C8-EEBB-992755965ABB}.Debug|Any CPU.ActiveCfg = Debug|Any CPU
		{D26DDE81-58AB-66C8-EEBB-992755965ABB}.Debug|Any CPU.Build.0 = Debug|Any CPU
		{D26DDE81-58AB-66C8-EEBB-992755965ABB}.Release|Any CPU.ActiveCfg = Release|Any CPU
		{D26DDE81-58AB-66C8-EEBB-992755965ABB}.Release|Any CPU.Build.0 = Release|Any CPU
		{50472208-3218-C58F-2D4D-98F879EB362E}.Debug|Any CPU.ActiveCfg = Debug|Any CPU
		{50472208-3218-C58F-2D4D-98F879EB362E}.Debug|Any CPU.Build.0 = Debug|Any CPU
		{50472208-3218-C58F-2D4D-98F879EB362E}.Release|Any CPU.ActiveCfg = Release|Any CPU
		{50472208-3218-C58F-2D4D-98F879EB362E}.Release|Any CPU.Build.0 = Release|Any CPU
		{1E5C5241-A94B-3C49-9708-87EDF3FF0254}.Debug|Any CPU.ActiveCfg = Debug|Any CPU
		{1E5C5241-A94B-3C49-9708-87EDF3FF0254}.Debug|Any CPU.Build.0 = Debug|Any CPU
		{1E5C5241-A94B-3C49-9708-87EDF3FF0254}.Release|Any CPU.ActiveCfg = Release|Any CPU
		{1E5C5241-A94B-3C49-9708-87EDF3FF0254}.Release|Any CPU.Build.0 = Release|Any CPU
		{1ACB7271-E21E-DC4D-79BD-6ABEA207BDED}.Debug|Any CPU.ActiveCfg = Debug|Any CPU
		{1ACB7271-E21E-DC4D-79BD-6ABEA207BDED}.Debug|Any CPU.Build.0 = Debug|Any CPU
		{1ACB7271-E21E-DC4D-79BD-6ABEA207BDED}.Release|Any CPU.ActiveCfg = Release|Any CPU
		{1ACB7271-E21E-DC4D-79BD-6ABEA207BDED}.Release|Any CPU.Build.0 = Release|Any CPU
	EndGlobalSection
	GlobalSection(SolutionProperties) = preSolution
		HideSolutionNode = FALSE
	EndGlobalSection
	GlobalSection(NestedProjects) = preSolution
		{4C605A50-FE51-4DFF-B8E0-0ADF4A84425B} = {02EA681E-C7D8-13C7-8484-4AC65E1B71E8}
		{32DA657C-109E-4B40-9F1F-120CC992CD71} = {390CF5C3-7706-4435-AD7C-BBAE564C6DDB}
		{A5F38698-C60B-41AB-9662-E25782DC09CB} = {02EA681E-C7D8-13C7-8484-4AC65E1B71E8}
		{3017F662-5A2A-4FEC-A705-2AD9CC728946} = {390CF5C3-7706-4435-AD7C-BBAE564C6DDB}
		{5A0BC393-F5AC-CB0C-3F13-95DF643DC56D} = {4C605A50-FE51-4DFF-B8E0-0ADF4A84425B}
		{E1236EA9-1BA1-D53E-F648-D2962FDAC9C1} = {4C605A50-FE51-4DFF-B8E0-0ADF4A84425B}
		{F4F86DEA-1ADB-9F0F-A100-6C8D8BA8393C} = {4C605A50-FE51-4DFF-B8E0-0ADF4A84425B}
		{EEBE4C5B-A2E4-8819-65D0-8FB04CF95A44} = {4C605A50-FE51-4DFF-B8E0-0ADF4A84425B}
		{D26DDE81-58AB-66C8-EEBB-992755965ABB} = {32DA657C-109E-4B40-9F1F-120CC992CD71}
		{50472208-3218-C58F-2D4D-98F879EB362E} = {32DA657C-109E-4B40-9F1F-120CC992CD71}
		{1E5C5241-A94B-3C49-9708-87EDF3FF0254} = {32DA657C-109E-4B40-9F1F-120CC992CD71}
		{1ACB7271-E21E-DC4D-79BD-6ABEA207BDED} = {32DA657C-109E-4B40-9F1F-120CC992CD71}
	EndGlobalSection
	GlobalSection(ExtensibilityGlobals) = postSolution
		SolutionGuid = {C73B41C0-1496-48FB-8B17-0136C20209C7}
	EndGlobalSection
EndGlobal
