
Microsoft Visual Studio Solution File, Format Version 12.00
# Visual Studio Version 18
VisualStudioVersion = 18.0.11116.177
MinimumVisualStudioVersion = 10.0.40219.1
Project("{2150E333-8FDC-42A3-9474-1A3956D46DE8}") = "AuthApex.API", "AuthApex.API", "{02EA681E-C7D8-13C7-8484-4AC65E1B71E8}"
EndProject
Project("{2150E333-8FDC-42A3-9474-1A3956D46DE8}") = "TransportApex.API", "TransportApex.API", "{390CF5C3-7706-4435-AD7C-BBAE564C6DDB}"
EndProject
Project("{2150E333-8FDC-42A3-9474-1A3956D46DE8}") = "src", "src", "{4C605A50-FE51-4DFF-B8E0-0ADF4A84425B}"
EndProject
Project("{2150E333-8FDC-42A3-9474-1A3956D46DE8}") = "src", "src", "{32DA657C-109E-4B40-9F1F-120CC992CD71}"
EndProject
Project("{2150E333-8FDC-42A3-9474-1A3956D46DE8}") = "tests", "tests", "{A5F38698-C60B-41AB-9662-E25782DC09CB}"
EndProject
Project("{2150E333-8FDC-42A3-9474-1A3956D46DE8}") = "tests", "tests", "{3017F662-5A2A-4FEC-A705-2AD9CC728946}"
EndProject
Project("{FAE04EC0-301F-11D3-BF4B-00C04F79EFBC}") = "AuthApex.Application.FunctionalTests", "AuthApex\tests\AuthApex.Application.FunctionalTests\AuthApex.Application.FunctionalTests.csproj", "{F0372B0C-4067-4B25-A2C0-278265C1A9B1}"
EndProject
Project("{FAE04EC0-301F-11D3-BF4B-00C04F79EFBC}") = "AuthApex.Application", "AuthApex\src\AuthApex.Application\AuthApex.Application.csproj", "{D84EB83B-617B-67E6-40C6-6650F1313CD9}"
EndProject
Project("{FAE04EC0-301F-11D3-BF4B-00C04F79EFBC}") = "AuthApex.Domain", "AuthApex\src\AuthApex.Domain\AuthApex.Domain.csproj", "{649C978D-C04E-1D21-B5FF-38F070393028}"
EndProject
Project("{FAE04EC0-301F-11D3-BF4B-00C04F79EFBC}") = "AuthApex.Infrastructure", "AuthApex\src\AuthApex.Infrastructure\AuthApex.Infrastructure.csproj", "{0151312F-D231-2040-F5CF-8B987C8AFFEC}"
EndProject
Project("{FAE04EC0-301F-11D3-BF4B-00C04F79EFBC}") = "AuthApex.WebApi", "AuthApex\src\AuthApex.WebApi\AuthApex.WebApi.csproj", "{F1FAD9A1-915C-342B-B829-67C71501CE03}"
EndProject
Project("{FAE04EC0-301F-11D3-BF4B-00C04F79EFBC}") = "TransportApex.Application", "TransportApex\src\TransportApex.Application\TransportApex.Application.csproj", "{F8779C1C-4348-3189-393B-E8526BB4DAA2}"
EndProject
Project("{FAE04EC0-301F-11D3-BF4B-00C04F79EFBC}") = "TransportApex.Domain", "TransportApex\src\TransportApex.Domain\TransportApex.Domain.csproj", "{88C7F8B1-B9A7-7015-13F7-358DC6748976}"
EndProject
Project("{FAE04EC0-301F-11D3-BF4B-00C04F79EFBC}") = "TransportApex.Infrastructure", "TransportApex\src\TransportApex.Infrastructure\TransportApex.Infrastructure.csproj", "{5BAADE51-D931-039C-1DFD-311960664FC1}"
EndProject
Project("{FAE04EC0-301F-11D3-BF4B-00C04F79EFBC}") = "TransportApex.WebApi", "TransportApex\src\TransportApex.WebApi\TransportApex.WebApi.csproj", "{60228D94-BD9F-4644-9C2D-584529657830}"
EndProject
Project("{FAE04EC0-301F-11D3-BF4B-00C04F79EFBC}") = "AuthApex.Application.UnitTests", "AuthApex\tests\AuthApex.Application.UnitTests\AuthApex.Application.UnitTests.csproj", "{17531CB8-E2DF-4870-8805-C976C7F96CC8}"
EndProject
Project("{FAE04EC0-301F-11D3-BF4B-00C04F79EFBC}") = "AuthApex.Domain.UnitTests", "AuthApex\tests\AuthApex.Domain.UnitTests\AuthApex.Domain.UnitTests.csproj", "{915FB999-E8C5-42E9-9146-A234E6AB151A}"
EndProject
Project("{FAE04EC0-301F-11D3-BF4B-00C04F79EFBC}") = "AuthApex.Infrastructure.IntegrationTests", "AuthApex\tests\AuthApex.Infrastructure.IntegrationTests\AuthApex.Infrastructure.IntegrationTests.csproj", "{20D55186-BF83-47CB-AD91-4A7396426BCD}"
EndProject
Project("{FAE04EC0-301F-11D3-BF4B-00C04F79EFBC}") = "TransportApex.Application.FunctionalTests", "TransportApex\tests\TransportApex.Application.FunctionalTests\TransportApex.Application.FunctionalTests.csproj", "{E5AC448F-837D-4FEE-9A30-D0AF006CDAE9}"
EndProject
Project("{FAE04EC0-301F-11D3-BF4B-00C04F79EFBC}") = "TransportApex.Application.UnitTests", "TransportApex\tests\TransportApex.Application.UnitTests\TransportApex.Application.UnitTests.csproj", "{8887F401-9DFD-40E2-A71A-959C7D74AFE2}"
EndProject
Project("{FAE04EC0-301F-11D3-BF4B-00C04F79EFBC}") = "TransportApex.Domain.UnitTests", "TransportApex\tests\TransportApex.Domain.UnitTests\TransportApex.Domain.UnitTests.csproj", "{372940C3-56A4-47BD-A67F-F8A8F321722D}"
EndProject
Project("{FAE04EC0-301F-11D3-BF4B-00C04F79EFBC}") = "TransportApex.Infrastructure.IntegrationTests", "TransportApex\tests\TransportApex.Infrastructure.IntegrationTests\TransportApex.Infrastructure.IntegrationTests.csproj", "{168A2C02-ABB9-435D-BBE1-81FDB3539A69}"
EndProject
Project("{2150E333-8FDC-42A3-9474-1A3956D46DE8}") = "Shared", "Shared", "{5A707307-B863-4E68-BBF2-58BD2F94280C}"
EndProject
Project("{FAE04EC0-301F-11D3-BF4B-00C04F79EFBC}") = "Apex.Shared", "Apex.Shared\Apex.Shared.csproj", "{2C20BA24-709C-4BCF-A2FB-21C98F62E5E5}"
EndProject
Global
	GlobalSection(SolutionConfigurationPlatforms) = preSolution
		Debug|Any CPU = Debug|Any CPU
		Release|Any CPU = Release|Any CPU
	EndGlobalSection
	GlobalSection(ProjectConfigurationPlatforms) = postSolution
		{F0372B0C-4067-4B25-A2C0-278265C1A9B1}.Debug|Any CPU.ActiveCfg = Debug|Any CPU
		{F0372B0C-4067-4B25-A2C0-278265C1A9B1}.Debug|Any CPU.Build.0 = Debug|Any CPU
		{F0372B0C-4067-4B25-A2C0-278265C1A9B1}.Release|Any CPU.ActiveCfg = Release|Any CPU
		{F0372B0C-4067-4B25-A2C0-278265C1A9B1}.Release|Any CPU.Build.0 = Release|Any CPU
		{D84EB83B-617B-67E6-40C6-6650F1313CD9}.Debug|Any CPU.ActiveCfg = Debug|Any CPU
		{D84EB83B-617B-67E6-40C6-6650F1313CD9}.Debug|Any CPU.Build.0 = Debug|Any CPU
		{D84EB83B-617B-67E6-40C6-6650F1313CD9}.Release|Any CPU.ActiveCfg = Release|Any CPU
		{D84EB83B-617B-67E6-40C6-6650F1313CD9}.Release|Any CPU.Build.0 = Release|Any CPU
		{649C978D-C04E-1D21-B5FF-38F070393028}.Debug|Any CPU.ActiveCfg = Debug|Any CPU
		{649C978D-C04E-1D21-B5FF-38F070393028}.Debug|Any CPU.Build.0 = Debug|Any CPU
		{649C978D-C04E-1D21-B5FF-38F070393028}.Release|Any CPU.ActiveCfg = Release|Any CPU
		{649C978D-C04E-1D21-B5FF-38F070393028}.Release|Any CPU.Build.0 = Release|Any CPU
		{0151312F-D231-2040-F5CF-8B987C8AFFEC}.Debug|Any CPU.ActiveCfg = Debug|Any CPU
		{0151312F-D231-2040-F5CF-8B987C8AFFEC}.Debug|Any CPU.Build.0 = Debug|Any CPU
		{0151312F-D231-2040-F5CF-8B987C8AFFEC}.Release|Any CPU.ActiveCfg = Release|Any CPU
		{0151312F-D231-2040-F5CF-8B987C8AFFEC}.Release|Any CPU.Build.0 = Release|Any CPU
		{F1FAD9A1-915C-342B-B829-67C71501CE03}.Debug|Any CPU.ActiveCfg = Debug|Any CPU
		{F1FAD9A1-915C-342B-B829-67C71501CE03}.Debug|Any CPU.Build.0 = Debug|Any CPU
		{F1FAD9A1-915C-342B-B829-67C71501CE03}.Release|Any CPU.ActiveCfg = Release|Any CPU
		{F1FAD9A1-915C-342B-B829-67C71501CE03}.Release|Any CPU.Build.0 = Release|Any CPU
		{F8779C1C-4348-3189-393B-E8526BB4DAA2}.Debug|Any CPU.ActiveCfg = Debug|Any CPU
		{F8779C1C-4348-3189-393B-E8526BB4DAA2}.Debug|Any CPU.Build.0 = Debug|Any CPU
		{F8779C1C-4348-3189-393B-E8526BB4DAA2}.Release|Any CPU.ActiveCfg = Release|Any CPU
		{F8779C1C-4348-3189-393B-E8526BB4DAA2}.Release|Any CPU.Build.0 = Release|Any CPU
		{88C7F8B1-B9A7-7015-13F7-358DC6748976}.Debug|Any CPU.ActiveCfg = Debug|Any CPU
		{88C7F8B1-B9A7-7015-13F7-358DC6748976}.Debug|Any CPU.Build.0 = Debug|Any CPU
		{88C7F8B1-B9A7-7015-13F7-358DC6748976}.Release|Any CPU.ActiveCfg = Release|Any CPU
		{88C7F8B1-B9A7-7015-13F7-358DC6748976}.Release|Any CPU.Build.0 = Release|Any CPU
		{5BAADE51-D931-039C-1DFD-311960664FC1}.Debug|Any CPU.ActiveCfg = Debug|Any CPU
		{5BAADE51-D931-039C-1DFD-311960664FC1}.Debug|Any CPU.Build.0 = Debug|Any CPU
		{5BAADE51-D931-039C-1DFD-311960664FC1}.Release|Any CPU.ActiveCfg = Release|Any CPU
		{5BAADE51-D931-039C-1DFD-311960664FC1}.Release|Any CPU.Build.0 = Release|Any CPU
		{60228D94-BD9F-4644-9C2D-584529657830}.Debug|Any CPU.ActiveCfg = Debug|Any CPU
		{60228D94-BD9F-4644-9C2D-584529657830}.Debug|Any CPU.Build.0 = Debug|Any CPU
		{60228D94-BD9F-4644-9C2D-584529657830}.Release|Any CPU.ActiveCfg = Release|Any CPU
		{60228D94-BD9F-4644-9C2D-584529657830}.Release|Any CPU.Build.0 = Release|Any CPU
		{17531CB8-E2DF-4870-8805-C976C7F96CC8}.Debug|Any CPU.ActiveCfg = Debug|Any CPU
		{17531CB8-E2DF-4870-8805-C976C7F96CC8}.Debug|Any CPU.Build.0 = Debug|Any CPU
		{17531CB8-E2DF-4870-8805-C976C7F96CC8}.Release|Any CPU.ActiveCfg = Release|Any CPU
		{17531CB8-E2DF-4870-8805-C976C7F96CC8}.Release|Any CPU.Build.0 = Release|Any CPU
		{915FB999-E8C5-42E9-9146-A234E6AB151A}.Debug|Any CPU.ActiveCfg = Debug|Any CPU
		{915FB999-E8C5-42E9-9146-A234E6AB151A}.Debug|Any CPU.Build.0 = Debug|Any CPU
		{915FB999-E8C5-42E9-9146-A234E6AB151A}.Release|Any CPU.ActiveCfg = Release|Any CPU
		{915FB999-E8C5-42E9-9146-A234E6AB151A}.Release|Any CPU.Build.0 = Release|Any CPU
		{20D55186-BF83-47CB-AD91-4A7396426BCD}.Debug|Any CPU.ActiveCfg = Debug|Any CPU
		{20D55186-BF83-47CB-AD91-4A7396426BCD}.Debug|Any CPU.Build.0 = Debug|Any CPU
		{20D55186-BF83-47CB-AD91-4A7396426BCD}.Release|Any CPU.ActiveCfg = Release|Any CPU
		{20D55186-BF83-47CB-AD91-4A7396426BCD}.Release|Any CPU.Build.0 = Release|Any CPU
		{E5AC448F-837D-4FEE-9A30-D0AF006CDAE9}.Debug|Any CPU.ActiveCfg = Debug|Any CPU
		{E5AC448F-837D-4FEE-9A30-D0AF006CDAE9}.Debug|Any CPU.Build.0 = Debug|Any CPU
		{E5AC448F-837D-4FEE-9A30-D0AF006CDAE9}.Release|Any CPU.ActiveCfg = Release|Any CPU
		{E5AC448F-837D-4FEE-9A30-D0AF006CDAE9}.Release|Any CPU.Build.0 = Release|Any CPU
		{8887F401-9DFD-40E2-A71A-959C7D74AFE2}.Debug|Any CPU.ActiveCfg = Debug|Any CPU
		{8887F401-9DFD-40E2-A71A-959C7D74AFE2}.Debug|Any CPU.Build.0 = Debug|Any CPU
		{8887F401-9DFD-40E2-A71A-959C7D74AFE2}.Release|Any CPU.ActiveCfg = Release|Any CPU
		{8887F401-9DFD-40E2-A71A-959C7D74AFE2}.Release|Any CPU.Build.0 = Release|Any CPU
		{372940C3-56A4-47BD-A67F-F8A8F321722D}.Debug|Any CPU.ActiveCfg = Debug|Any CPU
		{372940C3-56A4-47BD-A67F-F8A8F321722D}.Debug|Any CPU.Build.0 = Debug|Any CPU
		{372940C3-56A4-47BD-A67F-F8A8F321722D}.Release|Any CPU.ActiveCfg = Release|Any CPU
		{372940C3-56A4-47BD-A67F-F8A8F321722D}.Release|Any CPU.Build.0 = Release|Any CPU
		{168A2C02-ABB9-435D-BBE1-81FDB3539A69}.Debug|Any CPU.ActiveCfg = Debug|Any CPU
		{168A2C02-ABB9-435D-BBE1-81FDB3539A69}.Debug|Any CPU.Build.0 = Debug|Any CPU
		{168A2C02-ABB9-435D-BBE1-81FDB3539A69}.Release|Any CPU.ActiveCfg = Release|Any CPU
		{168A2C02-ABB9-435D-BBE1-81FDB3539A69}.Release|Any CPU.Build.0 = Release|Any CPU
		{2C20BA24-709C-4BCF-A2FB-21C98F62E5E5}.Debug|Any CPU.ActiveCfg = Debug|Any CPU
		{2C20BA24-709C-4BCF-A2FB-21C98F62E5E5}.Debug|Any CPU.Build.0 = Debug|Any CPU
		{2C20BA24-709C-4BCF-A2FB-21C98F62E5E5}.Release|Any CPU.ActiveCfg = Release|Any CPU
		{2C20BA24-709C-4BCF-A2FB-21C98F62E5E5}.Release|Any CPU.Build.0 = Release|Any CPU
	EndGlobalSection
	GlobalSection(SolutionProperties) = preSolution
		HideSolutionNode = FALSE
	EndGlobalSection
	GlobalSection(NestedProjects) = preSolution
		{4C605A50-FE51-4DFF-B8E0-0ADF4A84425B} = {02EA681E-C7D8-13C7-8484-4AC65E1B71E8}
		{32DA657C-109E-4B40-9F1F-120CC992CD71} = {390CF5C3-7706-4435-AD7C-BBAE564C6DDB}
		{A5F38698-C60B-41AB-9662-E25782DC09CB} = {02EA681E-C7D8-13C7-8484-4AC65E1B71E8}
		{3017F662-5A2A-4FEC-A705-2AD9CC728946} = {390CF5C3-7706-4435-AD7C-BBAE564C6DDB}
		{F0372B0C-4067-4B25-A2C0-278265C1A9B1} = {A5F38698-C60B-41AB-9662-E25782DC09CB}
		{D84EB83B-617B-67E6-40C6-6650F1313CD9} = {4C605A50-FE51-4DFF-B8E0-0ADF4A84425B}
		{649C978D-C04E-1D21-B5FF-38F070393028} = {4C605A50-FE51-4DFF-B8E0-0ADF4A84425B}
		{0151312F-D231-2040-F5CF-8B987C8AFFEC} = {4C605A50-FE51-4DFF-B8E0-0ADF4A84425B}
		{F1FAD9A1-915C-342B-B829-67C71501CE03} = {4C605A50-FE51-4DFF-B8E0-0ADF4A84425B}
		{F8779C1C-4348-3189-393B-E8526BB4DAA2} = {32DA657C-109E-4B40-9F1F-120CC992CD71}
		{88C7F8B1-B9A7-7015-13F7-358DC6748976} = {32DA657C-109E-4B40-9F1F-120CC992CD71}
		{5BAADE51-D931-039C-1DFD-311960664FC1} = {32DA657C-109E-4B40-9F1F-120CC992CD71}
		{60228D94-BD9F-4644-9C2D-584529657830} = {32DA657C-109E-4B40-9F1F-120CC992CD71}
		{17531CB8-E2DF-4870-8805-C976C7F96CC8} = {A5F38698-C60B-41AB-9662-E25782DC09CB}
		{915FB999-E8C5-42E9-9146-A234E6AB151A} = {A5F38698-C60B-41AB-9662-E25782DC09CB}
		{20D55186-BF83-47CB-AD91-4A7396426BCD} = {A5F38698-C60B-41AB-9662-E25782DC09CB}
		{E5AC448F-837D-4FEE-9A30-D0AF006CDAE9} = {3017F662-5A2A-4FEC-A705-2AD9CC728946}
		{8887F401-9DFD-40E2-A71A-959C7D74AFE2} = {3017F662-5A2A-4FEC-A705-2AD9CC728946}
		{372940C3-56A4-47BD-A67F-F8A8F321722D} = {3017F662-5A2A-4FEC-A705-2AD9CC728946}
		{168A2C02-ABB9-435D-BBE1-81FDB3539A69} = {3017F662-5A2A-4FEC-A705-2AD9CC728946}
		{2C20BA24-709C-4BCF-A2FB-21C98F62E5E5} = {5A707307-B863-4E68-BBF2-58BD2F94280C}
	EndGlobalSection
	GlobalSection(ExtensibilityGlobals) = postSolution
		SolutionGuid = {C73B41C0-1496-48FB-8B17-0136C20209C7}
	EndGlobalSection
EndGlobal
