
Microsoft Visual Studio Solution File, Format Version 12.00
# Visual Studio Version 17
VisualStudioVersion = 17.14.36603.0
MinimumVisualStudioVersion = 10.0.40219.1
Project("{2150E333-8FDC-42A3-9474-1A3956D46DE8}") = "AuthApex", "AuthApex", "{02EA681E-C7D8-13C7-8484-4AC65E1B71E8}"
EndProject
Project("{2150E333-8FDC-42A3-9474-1A3956D46DE8}") = "TransportApex", "TransportApex", "{390CF5C3-7706-4435-AD7C-BBAE564C6DDB}"
EndProject
Project("{FAE04EC0-301F-11D3-BF4B-00C04F79EFBC}") = "AuthApex.WebApi", "AuthApex\Web\AuthApex.WebApi.csproj", "{27F7C207-C2D7-5134-AFE1-C71AEE307AC6}"
EndProject
Project("{FAE04EC0-301F-11D3-BF4B-00C04F79EFBC}") = "AuthApex.Infrastructure", "AuthApex\Infrastructure\AuthApex.Infrastructure.csproj", "{C99C4EC3-EDD2-49C5-6EC0-092899B4919F}"
EndProject
Project("{FAE04EC0-301F-11D3-BF4B-00C04F79EFBC}") = "AuthApex.Application", "AuthApex\Application\AuthApex.Application.csproj", "{41B8E61D-0C97-0148-36A0-FC2BE81EE0F4}"
EndProject
Project("{FAE04EC0-301F-11D3-BF4B-00C04F79EFBC}") = "AuthApex.Domain", "AuthApex\Domain\AuthApex.Domain.csproj", "{B7B5813A-3CC0-EFF4-CB77-E5D622B29271}"
EndProject
Project("{FAE04EC0-301F-11D3-BF4B-00C04F79EFBC}") = "TransportApex.Application", "TransportApex\Application\TransportApex.Application.csproj", "{F9618490-767A-D5BD-A850-955B39C5DE71}"
EndProject
Project("{FAE04EC0-301F-11D3-BF4B-00C04F79EFBC}") = "TransportApex.Domain", "TransportApex\Domain\TransportApex.Domain.csproj", "{1F5A8BBD-8DBC-1E21-0164-F965FA4BBE97}"
EndProject
Project("{FAE04EC0-301F-11D3-BF4B-00C04F79EFBC}") = "TransportApex.Infrastructure", "TransportApex\Infrastructure\TransportApex.Infrastructure.csproj", "{0F18C844-A426-8E4E-002B-F1381BB49F33}"
EndProject
Project("{FAE04EC0-301F-11D3-BF4B-00C04F79EFBC}") = "TransportApex.WebApi", "TransportApex\Web\TransportApex.WebApi.csproj", "{72691770-0A5E-E5A0-4FA1-9449E5BFA987}"
EndProject
Global
	GlobalSection(SolutionConfigurationPlatforms) = preSolution
		Debug|Any CPU = Debug|Any CPU
		Release|Any CPU = Release|Any CPU
	EndGlobalSection
	GlobalSection(ProjectConfigurationPlatforms) = postSolution
		{27F7C207-C2D7-5134-AFE1-C71AEE307AC6}.Debug|Any CPU.ActiveCfg = Debug|Any CPU
		{27F7C207-C2D7-5134-AFE1-C71AEE307AC6}.Debug|Any CPU.Build.0 = Debug|Any CPU
		{27F7C207-C2D7-5134-AFE1-C71AEE307AC6}.Release|Any CPU.ActiveCfg = Release|Any CPU
		{27F7C207-C2D7-5134-AFE1-C71AEE307AC6}.Release|Any CPU.Build.0 = Release|Any CPU
		{C99C4EC3-EDD2-49C5-6EC0-092899B4919F}.Debug|Any CPU.ActiveCfg = Debug|Any CPU
		{C99C4EC3-EDD2-49C5-6EC0-092899B4919F}.Debug|Any CPU.Build.0 = Debug|Any CPU
		{C99C4EC3-EDD2-49C5-6EC0-092899B4919F}.Release|Any CPU.ActiveCfg = Release|Any CPU
		{C99C4EC3-EDD2-49C5-6EC0-092899B4919F}.Release|Any CPU.Build.0 = Release|Any CPU
		{41B8E61D-0C97-0148-36A0-FC2BE81EE0F4}.Debug|Any CPU.ActiveCfg = Debug|Any CPU
		{41B8E61D-0C97-0148-36A0-FC2BE81EE0F4}.Debug|Any CPU.Build.0 = Debug|Any CPU
		{41B8E61D-0C97-0148-36A0-FC2BE81EE0F4}.Release|Any CPU.ActiveCfg = Release|Any CPU
		{41B8E61D-0C97-0148-36A0-FC2BE81EE0F4}.Release|Any CPU.Build.0 = Release|Any CPU
		{B7B5813A-3CC0-EFF4-CB77-E5D622B29271}.Debug|Any CPU.ActiveCfg = Debug|Any CPU
		{B7B5813A-3CC0-EFF4-CB77-E5D622B29271}.Debug|Any CPU.Build.0 = Debug|Any CPU
		{B7B5813A-3CC0-EFF4-CB77-E5D622B29271}.Release|Any CPU.ActiveCfg = Release|Any CPU
		{B7B5813A-3CC0-EFF4-CB77-E5D622B29271}.Release|Any CPU.Build.0 = Release|Any CPU
		{F9618490-767A-D5BD-A850-955B39C5DE71}.Debug|Any CPU.ActiveCfg = Debug|Any CPU
		{F9618490-767A-D5BD-A850-955B39C5DE71}.Debug|Any CPU.Build.0 = Debug|Any CPU
		{F9618490-767A-D5BD-A850-955B39C5DE71}.Release|Any CPU.ActiveCfg = Release|Any CPU
		{F9618490-767A-D5BD-A850-955B39C5DE71}.Release|Any CPU.Build.0 = Release|Any CPU
		{1F5A8BBD-8DBC-1E21-0164-F965FA4BBE97}.Debug|Any CPU.ActiveCfg = Debug|Any CPU
		{1F5A8BBD-8DBC-1E21-0164-F965FA4BBE97}.Debug|Any CPU.Build.0 = Debug|Any CPU
		{1F5A8BBD-8DBC-1E21-0164-F965FA4BBE97}.Release|Any CPU.ActiveCfg = Release|Any CPU
		{1F5A8BBD-8DBC-1E21-0164-F965FA4BBE97}.Release|Any CPU.Build.0 = Release|Any CPU
		{0F18C844-A426-8E4E-002B-F1381BB49F33}.Debug|Any CPU.ActiveCfg = Debug|Any CPU
		{0F18C844-A426-8E4E-002B-F1381BB49F33}.Debug|Any CPU.Build.0 = Debug|Any CPU
		{0F18C844-A426-8E4E-002B-F1381BB49F33}.Release|Any CPU.ActiveCfg = Release|Any CPU
		{0F18C844-A426-8E4E-002B-F1381BB49F33}.Release|Any CPU.Build.0 = Release|Any CPU
		{72691770-0A5E-E5A0-4FA1-9449E5BFA987}.Debug|Any CPU.ActiveCfg = Debug|Any CPU
		{72691770-0A5E-E5A0-4FA1-9449E5BFA987}.Debug|Any CPU.Build.0 = Debug|Any CPU
		{72691770-0A5E-E5A0-4FA1-9449E5BFA987}.Release|Any CPU.ActiveCfg = Release|Any CPU
		{72691770-0A5E-E5A0-4FA1-9449E5BFA987}.Release|Any CPU.Build.0 = Release|Any CPU
	EndGlobalSection
	GlobalSection(SolutionProperties) = preSolution
		HideSolutionNode = FALSE
	EndGlobalSection
	GlobalSection(NestedProjects) = preSolution
		{27F7C207-C2D7-5134-AFE1-C71AEE307AC6} = {02EA681E-C7D8-13C7-8484-4AC65E1B71E8}
		{C99C4EC3-EDD2-49C5-6EC0-092899B4919F} = {02EA681E-C7D8-13C7-8484-4AC65E1B71E8}
		{41B8E61D-0C97-0148-36A0-FC2BE81EE0F4} = {02EA681E-C7D8-13C7-8484-4AC65E1B71E8}
		{B7B5813A-3CC0-EFF4-CB77-E5D622B29271} = {02EA681E-C7D8-13C7-8484-4AC65E1B71E8}
		{F9618490-767A-D5BD-A850-955B39C5DE71} = {390CF5C3-7706-4435-AD7C-BBAE564C6DDB}
		{1F5A8BBD-8DBC-1E21-0164-F965FA4BBE97} = {390CF5C3-7706-4435-AD7C-BBAE564C6DDB}
		{0F18C844-A426-8E4E-002B-F1381BB49F33} = {390CF5C3-7706-4435-AD7C-BBAE564C6DDB}
		{72691770-0A5E-E5A0-4FA1-9449E5BFA987} = {390CF5C3-7706-4435-AD7C-BBAE564C6DDB}
	EndGlobalSection
	GlobalSection(ExtensibilityGlobals) = postSolution
		SolutionGuid = {C73B41C0-1496-48FB-8B17-0136C20209C7}
	EndGlobalSection
EndGlobal
